
Microsoft Visual Studio Solution File, Format Version 12.00
# Visual Studio Version 16
VisualStudioVersion = 16.0.31402.337
MinimumVisualStudioVersion = 10.0.40219.1
Project("{FAE04EC0-301F-11D3-BF4B-00C04F79EFBC}") = "Ultra_Command", "Ultra_Command.csproj", "{3B384BBD-1DBE-4ABB-B391-4633B4F1F818}"
EndProject
Global
	GlobalSection(SolutionConfigurationPlatforms) = preSolution
		Debug|Any CPU = Debug|Any CPU
		Release|Any CPU = Release|Any CPU
	EndGlobalSection
	GlobalSection(ProjectConfigurationPlatforms) = postSolution
		{3B384BBD-1DBE-4ABB-B391-4633B4F1F818}.Debug|Any CPU.ActiveCfg = Debug|Any CPU
		{3B384BBD-1DBE-4ABB-B391-4633B4F1F818}.Debug|Any CPU.Build.0 = Debug|Any CPU
		{3B384BBD-1DBE-4ABB-B391-4633B4F1F818}.Release|Any CPU.ActiveCfg = Release|Any CPU
		{3B384BBD-1DBE-4ABB-B391-4633B4F1F818}.Release|Any CPU.Build.0 = Release|Any CPU
	EndGlobalSection
	GlobalSection(SolutionProperties) = preSolution
		HideSolutionNode = FALSE
	EndGlobalSection
	GlobalSection(ExtensibilityGlobals) = postSolution
		SolutionGuid = {5B7485D5-CCE5-44D8-A20C-47665A819CAB}
	EndGlobalSection
EndGlobal
